
Microsoft Visual Studio Solution File, Format Version 12.00
# Visual Studio Version 16
VisualStudioVersion = 16.0.29009.5
MinimumVisualStudioVersion = 10.0.40219.1
Project("{8BC9CEB8-8B4A-11D0-8D11-00A0C91BC942}") = "Heap", "Heap\Heap.vcxproj", "{F1579EB3-5ADC-45BD-92C2-8E8FBA9758BE}"
EndProject
Global
	GlobalSection(SolutionConfigurationPlatforms) = preSolution
		Debug|x64 = Debug|x64
		Debug|x86 = Debug|x86
		Release|x64 = Release|x64
		Release|x86 = Release|x86
	EndGlobalSection
	GlobalSection(ProjectConfigurationPlatforms) = postSolution
		{F1579EB3-5ADC-45BD-92C2-8E8FBA9758BE}.Debug|x64.ActiveCfg = Debug|x64
		{F1579EB3-5ADC-45BD-92C2-8E8FBA9758BE}.Debug|x64.Build.0 = Debug|x64
		{F1579EB3-5ADC-45BD-92C2-8E8FBA9758BE}.Debug|x86.ActiveCfg = Debug|Win32
		{F1579EB3-5ADC-45BD-92C2-8E8FBA9758BE}.Debug|x86.Build.0 = Debug|Win32
		{F1579EB3-5ADC-45BD-92C2-8E8FBA9758BE}.Release|x64.ActiveCfg = Release|x64
		{F1579EB3-5ADC-45BD-92C2-8E8FBA9758BE}.Release|x64.Build.0 = Release|x64
		{F1579EB3-5ADC-45BD-92C2-8E8FBA9758BE}.Release|x86.ActiveCfg = Release|Win32
		{F1579EB3-5ADC-45BD-92C2-8E8FBA9758BE}.Release|x86.Build.0 = Release|Win32
	EndGlobalSection
	GlobalSection(SolutionProperties) = preSolution
		HideSolutionNode = FALSE
	EndGlobalSection
	GlobalSection(ExtensibilityGlobals) = postSolution
		SolutionGuid = {D26255FF-5554-402A-B52E-ADD3067CA8D7}
	EndGlobalSection
EndGlobal
